
Microsoft Visual Studio Solution File, Format Version 12.00
# Visual Studio 15
VisualStudioVersion = 15.0.27004.2009
MinimumVisualStudioVersion = 10.0.40219.1
Project("{FAE04EC0-301F-11D3-BF4B-00C04F79EFBC}") = "02-ColoredBox", "02-ColoredBox\02-ColoredBox.csproj", "{3BA8EFAB-9243-4A2E-8A22-34BD82DA422D}"
EndProject
Global
	GlobalSection(SolutionConfigurationPlatforms) = preSolution
		Debug|Any CPU = Debug|Any CPU
		Release|Any CPU = Release|Any CPU
	EndGlobalSection
	GlobalSection(ProjectConfigurationPlatforms) = postSolution
		{3BA8EFAB-9243-4A2E-8A22-34BD82DA422D}.Debug|Any CPU.ActiveCfg = Debug|Any CPU
		{3BA8EFAB-9243-4A2E-8A22-34BD82DA422D}.Debug|Any CPU.Build.0 = Debug|Any CPU
		{3BA8EFAB-9243-4A2E-8A22-34BD82DA422D}.Release|Any CPU.ActiveCfg = Release|Any CPU
		{3BA8EFAB-9243-4A2E-8A22-34BD82DA422D}.Release|Any CPU.Build.0 = Release|Any CPU
	EndGlobalSection
	GlobalSection(SolutionProperties) = preSolution
		HideSolutionNode = FALSE
	EndGlobalSection
	GlobalSection(ExtensibilityGlobals) = postSolution
		SolutionGuid = {B932FFE1-C141-4346-92C5-CDEEE932AB6B}
	EndGlobalSection
EndGlobal
