
Microsoft Visual Studio Solution File, Format Version 12.00
# Visual Studio 15
VisualStudioVersion = 15.0.27004.2009
MinimumVisualStudioVersion = 10.0.40219.1
Project("{FAE04EC0-301F-11D3-BF4B-00C04F79EFBC}") = "Strings02", "Strings02\Strings02.csproj", "{9110CD33-6FD9-45F9-BD02-7FBAEB30BD05}"
EndProject
Global
	GlobalSection(SolutionConfigurationPlatforms) = preSolution
		Debug|Any CPU = Debug|Any CPU
		Release|Any CPU = Release|Any CPU
	EndGlobalSection
	GlobalSection(ProjectConfigurationPlatforms) = postSolution
		{9110CD33-6FD9-45F9-BD02-7FBAEB30BD05}.Debug|Any CPU.ActiveCfg = Debug|Any CPU
		{9110CD33-6FD9-45F9-BD02-7FBAEB30BD05}.Debug|Any CPU.Build.0 = Debug|Any CPU
		{9110CD33-6FD9-45F9-BD02-7FBAEB30BD05}.Release|Any CPU.ActiveCfg = Release|Any CPU
		{9110CD33-6FD9-45F9-BD02-7FBAEB30BD05}.Release|Any CPU.Build.0 = Release|Any CPU
	EndGlobalSection
	GlobalSection(SolutionProperties) = preSolution
		HideSolutionNode = FALSE
	EndGlobalSection
	GlobalSection(ExtensibilityGlobals) = postSolution
		SolutionGuid = {234E1875-FA49-4C89-BE30-60E2A0CAE3C3}
	EndGlobalSection
EndGlobal
