
Microsoft Visual Studio Solution File, Format Version 12.00
# Visual Studio 15
VisualStudioVersion = 15.0.27004.2009
MinimumVisualStudioVersion = 10.0.40219.1
Project("{FAE04EC0-301F-11D3-BF4B-00C04F79EFBC}") = "14-DoubleItems", "14-DoubleItems\14-DoubleItems.csproj", "{B8F0E30B-48E5-4675-9F3F-04F19B19BB14}"
EndProject
Global
	GlobalSection(SolutionConfigurationPlatforms) = preSolution
		Debug|Any CPU = Debug|Any CPU
		Release|Any CPU = Release|Any CPU
	EndGlobalSection
	GlobalSection(ProjectConfigurationPlatforms) = postSolution
		{B8F0E30B-48E5-4675-9F3F-04F19B19BB14}.Debug|Any CPU.ActiveCfg = Debug|Any CPU
		{B8F0E30B-48E5-4675-9F3F-04F19B19BB14}.Debug|Any CPU.Build.0 = Debug|Any CPU
		{B8F0E30B-48E5-4675-9F3F-04F19B19BB14}.Release|Any CPU.ActiveCfg = Release|Any CPU
		{B8F0E30B-48E5-4675-9F3F-04F19B19BB14}.Release|Any CPU.Build.0 = Release|Any CPU
	EndGlobalSection
	GlobalSection(SolutionProperties) = preSolution
		HideSolutionNode = FALSE
	EndGlobalSection
	GlobalSection(ExtensibilityGlobals) = postSolution
		SolutionGuid = {04ADEDE2-ED04-47DF-9822-974AC9B26717}
	EndGlobalSection
EndGlobal
