
Microsoft Visual Studio Solution File, Format Version 12.00
# Visual Studio 15
VisualStudioVersion = 15.0.27004.2009
MinimumVisualStudioVersion = 10.0.40219.1
Project("{FAE04EC0-301F-11D3-BF4B-00C04F79EFBC}") = "01-GreenFox", "01-GreenFox\01-GreenFox.csproj", "{3418966B-988A-4074-BCBE-608AD22FF41F}"
EndProject
Global
	GlobalSection(SolutionConfigurationPlatforms) = preSolution
		Debug|Any CPU = Debug|Any CPU
		Release|Any CPU = Release|Any CPU
	EndGlobalSection
	GlobalSection(ProjectConfigurationPlatforms) = postSolution
		{3418966B-988A-4074-BCBE-608AD22FF41F}.Debug|Any CPU.ActiveCfg = Debug|Any CPU
		{3418966B-988A-4074-BCBE-608AD22FF41F}.Debug|Any CPU.Build.0 = Debug|Any CPU
		{3418966B-988A-4074-BCBE-608AD22FF41F}.Release|Any CPU.ActiveCfg = Release|Any CPU
		{3418966B-988A-4074-BCBE-608AD22FF41F}.Release|Any CPU.Build.0 = Release|Any CPU
	EndGlobalSection
	GlobalSection(SolutionProperties) = preSolution
		HideSolutionNode = FALSE
	EndGlobalSection
	GlobalSection(ExtensibilityGlobals) = postSolution
		SolutionGuid = {96526942-2CE5-460B-B51D-28D3E93BB262}
	EndGlobalSection
EndGlobal
