
Microsoft Visual Studio Solution File, Format Version 12.00
# Visual Studio 15
VisualStudioVersion = 15.0.27004.2009
MinimumVisualStudioVersion = 10.0.40219.1
Project("{FAE04EC0-301F-11D3-BF4B-00C04F79EFBC}") = "Lists05ElementFinder", "Lists05ElementFinder\Lists05ElementFinder.csproj", "{9D09F56E-5C63-4303-8876-DB0FE42FCFCB}"
EndProject
Global
	GlobalSection(SolutionConfigurationPlatforms) = preSolution
		Debug|Any CPU = Debug|Any CPU
		Release|Any CPU = Release|Any CPU
	EndGlobalSection
	GlobalSection(ProjectConfigurationPlatforms) = postSolution
		{9D09F56E-5C63-4303-8876-DB0FE42FCFCB}.Debug|Any CPU.ActiveCfg = Debug|Any CPU
		{9D09F56E-5C63-4303-8876-DB0FE42FCFCB}.Debug|Any CPU.Build.0 = Debug|Any CPU
		{9D09F56E-5C63-4303-8876-DB0FE42FCFCB}.Release|Any CPU.ActiveCfg = Release|Any CPU
		{9D09F56E-5C63-4303-8876-DB0FE42FCFCB}.Release|Any CPU.Build.0 = Release|Any CPU
	EndGlobalSection
	GlobalSection(SolutionProperties) = preSolution
		HideSolutionNode = FALSE
	EndGlobalSection
	GlobalSection(ExtensibilityGlobals) = postSolution
		SolutionGuid = {4B9CE60E-E3D5-4DFD-8F75-5405D4E3E9A1}
	EndGlobalSection
EndGlobal
