
Microsoft Visual Studio Solution File, Format Version 12.00
# Visual Studio 15
VisualStudioVersion = 15.0.27004.2009
MinimumVisualStudioVersion = 10.0.40219.1
Project("{FAE04EC0-301F-11D3-BF4B-00C04F79EFBC}") = "FoxBank", "FoxBank\FoxBank.csproj", "{D0BC3E12-AC58-4E94-8480-DC704EF684E8}"
EndProject
Global
	GlobalSection(SolutionConfigurationPlatforms) = preSolution
		Debug|Any CPU = Debug|Any CPU
		Release|Any CPU = Release|Any CPU
	EndGlobalSection
	GlobalSection(ProjectConfigurationPlatforms) = postSolution
		{D0BC3E12-AC58-4E94-8480-DC704EF684E8}.Debug|Any CPU.ActiveCfg = Debug|Any CPU
		{D0BC3E12-AC58-4E94-8480-DC704EF684E8}.Debug|Any CPU.Build.0 = Debug|Any CPU
		{D0BC3E12-AC58-4E94-8480-DC704EF684E8}.Release|Any CPU.ActiveCfg = Release|Any CPU
		{D0BC3E12-AC58-4E94-8480-DC704EF684E8}.Release|Any CPU.Build.0 = Release|Any CPU
	EndGlobalSection
	GlobalSection(SolutionProperties) = preSolution
		HideSolutionNode = FALSE
	EndGlobalSection
	GlobalSection(ExtensibilityGlobals) = postSolution
		SolutionGuid = {18AAC7E1-040F-4C13-9D0A-3D496554AB04}
	EndGlobalSection
EndGlobal
