
Microsoft Visual Studio Solution File, Format Version 12.00
# Visual Studio 15
VisualStudioVersion = 15.0.27004.2009
MinimumVisualStudioVersion = 10.0.40219.1
Project("{FAE04EC0-301F-11D3-BF4B-00C04F79EFBC}") = "Groot", "Groot\Groot.csproj", "{779A69CB-E1F0-4109-9647-92D6FDD1F039}"
EndProject
Project("{FAE04EC0-301F-11D3-BF4B-00C04F79EFBC}") = "GrootIntegrationTests", "GrootIntegrationTests\GrootIntegrationTests.csproj", "{8088ABB3-B4E0-495E-B524-D6BBC06EF7B6}"
EndProject
Global
	GlobalSection(SolutionConfigurationPlatforms) = preSolution
		Debug|Any CPU = Debug|Any CPU
		Release|Any CPU = Release|Any CPU
	EndGlobalSection
	GlobalSection(ProjectConfigurationPlatforms) = postSolution
		{779A69CB-E1F0-4109-9647-92D6FDD1F039}.Debug|Any CPU.ActiveCfg = Debug|Any CPU
		{779A69CB-E1F0-4109-9647-92D6FDD1F039}.Debug|Any CPU.Build.0 = Debug|Any CPU
		{779A69CB-E1F0-4109-9647-92D6FDD1F039}.Release|Any CPU.ActiveCfg = Release|Any CPU
		{779A69CB-E1F0-4109-9647-92D6FDD1F039}.Release|Any CPU.Build.0 = Release|Any CPU
		{8088ABB3-B4E0-495E-B524-D6BBC06EF7B6}.Debug|Any CPU.ActiveCfg = Debug|Any CPU
		{8088ABB3-B4E0-495E-B524-D6BBC06EF7B6}.Debug|Any CPU.Build.0 = Debug|Any CPU
		{8088ABB3-B4E0-495E-B524-D6BBC06EF7B6}.Release|Any CPU.ActiveCfg = Release|Any CPU
		{8088ABB3-B4E0-495E-B524-D6BBC06EF7B6}.Release|Any CPU.Build.0 = Release|Any CPU
	EndGlobalSection
	GlobalSection(SolutionProperties) = preSolution
		HideSolutionNode = FALSE
	EndGlobalSection
	GlobalSection(ExtensibilityGlobals) = postSolution
		SolutionGuid = {A5390CB3-5995-4E65-92DF-8AEC63B73FFF}
	EndGlobalSection
EndGlobal
