
Microsoft Visual Studio Solution File, Format Version 12.00
# Visual Studio 15
VisualStudioVersion = 15.0.27004.2009
MinimumVisualStudioVersion = 10.0.40219.1
Project("{FAE04EC0-301F-11D3-BF4B-00C04F79EFBC}") = "Sum02", "Sum02\Sum02.csproj", "{AF325590-D565-4FE6-8FAE-76ECF673B35E}"
EndProject
Project("{FAE04EC0-301F-11D3-BF4B-00C04F79EFBC}") = "Test", "Test\Test.csproj", "{02B1167A-9C7B-4004-AAC8-62BD6C0AE9E9}"
EndProject
Global
	GlobalSection(SolutionConfigurationPlatforms) = preSolution
		Debug|Any CPU = Debug|Any CPU
		Release|Any CPU = Release|Any CPU
	EndGlobalSection
	GlobalSection(ProjectConfigurationPlatforms) = postSolution
		{AF325590-D565-4FE6-8FAE-76ECF673B35E}.Debug|Any CPU.ActiveCfg = Debug|Any CPU
		{AF325590-D565-4FE6-8FAE-76ECF673B35E}.Debug|Any CPU.Build.0 = Debug|Any CPU
		{AF325590-D565-4FE6-8FAE-76ECF673B35E}.Release|Any CPU.ActiveCfg = Release|Any CPU
		{AF325590-D565-4FE6-8FAE-76ECF673B35E}.Release|Any CPU.Build.0 = Release|Any CPU
		{02B1167A-9C7B-4004-AAC8-62BD6C0AE9E9}.Debug|Any CPU.ActiveCfg = Debug|Any CPU
		{02B1167A-9C7B-4004-AAC8-62BD6C0AE9E9}.Debug|Any CPU.Build.0 = Debug|Any CPU
		{02B1167A-9C7B-4004-AAC8-62BD6C0AE9E9}.Release|Any CPU.ActiveCfg = Release|Any CPU
		{02B1167A-9C7B-4004-AAC8-62BD6C0AE9E9}.Release|Any CPU.Build.0 = Release|Any CPU
	EndGlobalSection
	GlobalSection(SolutionProperties) = preSolution
		HideSolutionNode = FALSE
	EndGlobalSection
	GlobalSection(ExtensibilityGlobals) = postSolution
		SolutionGuid = {9BFBFCBF-40E1-47DA-A2F5-7191D9C48B9B}
	EndGlobalSection
EndGlobal
