
Microsoft Visual Studio Solution File, Format Version 12.00
# Visual Studio 15
VisualStudioVersion = 15.0.27004.2009
MinimumVisualStudioVersion = 10.0.40219.1
Project("{FAE04EC0-301F-11D3-BF4B-00C04F79EFBC}") = "Exercise-02", "Exercise-02\Exercise-02.csproj", "{45A079AF-A501-432B-81DF-3F7A7DAABBD8}"
EndProject
Global
	GlobalSection(SolutionConfigurationPlatforms) = preSolution
		Debug|Any CPU = Debug|Any CPU
		Release|Any CPU = Release|Any CPU
	EndGlobalSection
	GlobalSection(ProjectConfigurationPlatforms) = postSolution
		{45A079AF-A501-432B-81DF-3F7A7DAABBD8}.Debug|Any CPU.ActiveCfg = Debug|Any CPU
		{45A079AF-A501-432B-81DF-3F7A7DAABBD8}.Debug|Any CPU.Build.0 = Debug|Any CPU
		{45A079AF-A501-432B-81DF-3F7A7DAABBD8}.Release|Any CPU.ActiveCfg = Release|Any CPU
		{45A079AF-A501-432B-81DF-3F7A7DAABBD8}.Release|Any CPU.Build.0 = Release|Any CPU
	EndGlobalSection
	GlobalSection(SolutionProperties) = preSolution
		HideSolutionNode = FALSE
	EndGlobalSection
	GlobalSection(ExtensibilityGlobals) = postSolution
		SolutionGuid = {21DE34D1-57A6-4FBC-A48B-F62FD7F52DDD}
	EndGlobalSection
EndGlobal
