
Microsoft Visual Studio Solution File, Format Version 12.00
# Visual Studio 15
VisualStudioVersion = 15.0.27004.2009
MinimumVisualStudioVersion = 10.0.40219.1
Project("{FAE04EC0-301F-11D3-BF4B-00C04F79EFBC}") = "04-ToTheCenterForLoop", "04-ToTheCenterForLoop\04-ToTheCenterForLoop.csproj", "{0092CEC0-CDF6-4932-8F61-53B2780C5BE6}"
EndProject
Global
	GlobalSection(SolutionConfigurationPlatforms) = preSolution
		Debug|Any CPU = Debug|Any CPU
		Release|Any CPU = Release|Any CPU
	EndGlobalSection
	GlobalSection(ProjectConfigurationPlatforms) = postSolution
		{0092CEC0-CDF6-4932-8F61-53B2780C5BE6}.Debug|Any CPU.ActiveCfg = Debug|Any CPU
		{0092CEC0-CDF6-4932-8F61-53B2780C5BE6}.Debug|Any CPU.Build.0 = Debug|Any CPU
		{0092CEC0-CDF6-4932-8F61-53B2780C5BE6}.Release|Any CPU.ActiveCfg = Release|Any CPU
		{0092CEC0-CDF6-4932-8F61-53B2780C5BE6}.Release|Any CPU.Build.0 = Release|Any CPU
	EndGlobalSection
	GlobalSection(SolutionProperties) = preSolution
		HideSolutionNode = FALSE
	EndGlobalSection
	GlobalSection(ExtensibilityGlobals) = postSolution
		SolutionGuid = {F7E92927-C13B-4B86-9F49-41625980BB6E}
	EndGlobalSection
EndGlobal
