
Microsoft Visual Studio Solution File, Format Version 12.00
# Visual Studio 15
VisualStudioVersion = 15.0.27004.2009
MinimumVisualStudioVersion = 10.0.40219.1
Project("{FAE04EC0-301F-11D3-BF4B-00C04F79EFBC}") = "Functions-02-Greeter", "Functions-02-Greeter\Functions-02-Greeter.csproj", "{52BDFDDF-009A-4578-8071-A0270BFF561B}"
EndProject
Global
	GlobalSection(SolutionConfigurationPlatforms) = preSolution
		Debug|Any CPU = Debug|Any CPU
		Release|Any CPU = Release|Any CPU
	EndGlobalSection
	GlobalSection(ProjectConfigurationPlatforms) = postSolution
		{52BDFDDF-009A-4578-8071-A0270BFF561B}.Debug|Any CPU.ActiveCfg = Debug|Any CPU
		{52BDFDDF-009A-4578-8071-A0270BFF561B}.Debug|Any CPU.Build.0 = Debug|Any CPU
		{52BDFDDF-009A-4578-8071-A0270BFF561B}.Release|Any CPU.ActiveCfg = Release|Any CPU
		{52BDFDDF-009A-4578-8071-A0270BFF561B}.Release|Any CPU.Build.0 = Release|Any CPU
	EndGlobalSection
	GlobalSection(SolutionProperties) = preSolution
		HideSolutionNode = FALSE
	EndGlobalSection
	GlobalSection(ExtensibilityGlobals) = postSolution
		SolutionGuid = {591710B5-531F-4D93-9701-582E3BB52A7A}
	EndGlobalSection
EndGlobal
