
Microsoft Visual Studio Solution File, Format Version 12.00
# Visual Studio 15
VisualStudioVersion = 15.0.27004.2009
MinimumVisualStudioVersion = 10.0.40219.1
Project("{FAE04EC0-301F-11D3-BF4B-00C04F79EFBC}") = "ExerciseOne", "ExerciseOne\ExerciseOne.csproj", "{B961D9C0-F2F7-493C-8928-A5E1A6B8C5EA}"
EndProject
Global
	GlobalSection(SolutionConfigurationPlatforms) = preSolution
		Debug|Any CPU = Debug|Any CPU
		Release|Any CPU = Release|Any CPU
	EndGlobalSection
	GlobalSection(ProjectConfigurationPlatforms) = postSolution
		{B961D9C0-F2F7-493C-8928-A5E1A6B8C5EA}.Debug|Any CPU.ActiveCfg = Debug|Any CPU
		{B961D9C0-F2F7-493C-8928-A5E1A6B8C5EA}.Debug|Any CPU.Build.0 = Debug|Any CPU
		{B961D9C0-F2F7-493C-8928-A5E1A6B8C5EA}.Release|Any CPU.ActiveCfg = Release|Any CPU
		{B961D9C0-F2F7-493C-8928-A5E1A6B8C5EA}.Release|Any CPU.Build.0 = Release|Any CPU
	EndGlobalSection
	GlobalSection(SolutionProperties) = preSolution
		HideSolutionNode = FALSE
	EndGlobalSection
	GlobalSection(ExtensibilityGlobals) = postSolution
		SolutionGuid = {D451F8FB-FF0E-4995-8F96-222000E46A60}
	EndGlobalSection
EndGlobal
