
Microsoft Visual Studio Solution File, Format Version 12.00
# Visual Studio 15
VisualStudioVersion = 15.0.27004.2009
MinimumVisualStudioVersion = 10.0.40219.1
Project("{FAE04EC0-301F-11D3-BF4B-00C04F79EFBC}") = "Exercise06Program", "Exercise06Program\Exercise06Program.csproj", "{21C168E4-EDA2-44A3-995C-CAD5546A9A8D}"
EndProject
Global
	GlobalSection(SolutionConfigurationPlatforms) = preSolution
		Debug|Any CPU = Debug|Any CPU
		Release|Any CPU = Release|Any CPU
	EndGlobalSection
	GlobalSection(ProjectConfigurationPlatforms) = postSolution
		{21C168E4-EDA2-44A3-995C-CAD5546A9A8D}.Debug|Any CPU.ActiveCfg = Debug|Any CPU
		{21C168E4-EDA2-44A3-995C-CAD5546A9A8D}.Debug|Any CPU.Build.0 = Debug|Any CPU
		{21C168E4-EDA2-44A3-995C-CAD5546A9A8D}.Release|Any CPU.ActiveCfg = Release|Any CPU
		{21C168E4-EDA2-44A3-995C-CAD5546A9A8D}.Release|Any CPU.Build.0 = Release|Any CPU
	EndGlobalSection
	GlobalSection(SolutionProperties) = preSolution
		HideSolutionNode = FALSE
	EndGlobalSection
	GlobalSection(ExtensibilityGlobals) = postSolution
		SolutionGuid = {C9FC8526-2F1F-40AA-8623-79870FF21FA3}
	EndGlobalSection
EndGlobal
