
Microsoft Visual Studio Solution File, Format Version 12.00
# Visual Studio 15
VisualStudioVersion = 15.0.27004.2009
MinimumVisualStudioVersion = 10.0.40219.1
Project("{FAE04EC0-301F-11D3-BF4B-00C04F79EFBC}") = "05-WriteMultipleLines", "05-WriteMultipleLines\05-WriteMultipleLines.csproj", "{1D080A2E-6569-4ADB-AB41-606B4E4D352E}"
EndProject
Global
	GlobalSection(SolutionConfigurationPlatforms) = preSolution
		Debug|Any CPU = Debug|Any CPU
		Release|Any CPU = Release|Any CPU
	EndGlobalSection
	GlobalSection(ProjectConfigurationPlatforms) = postSolution
		{1D080A2E-6569-4ADB-AB41-606B4E4D352E}.Debug|Any CPU.ActiveCfg = Debug|Any CPU
		{1D080A2E-6569-4ADB-AB41-606B4E4D352E}.Debug|Any CPU.Build.0 = Debug|Any CPU
		{1D080A2E-6569-4ADB-AB41-606B4E4D352E}.Release|Any CPU.ActiveCfg = Release|Any CPU
		{1D080A2E-6569-4ADB-AB41-606B4E4D352E}.Release|Any CPU.Build.0 = Release|Any CPU
	EndGlobalSection
	GlobalSection(SolutionProperties) = preSolution
		HideSolutionNode = FALSE
	EndGlobalSection
	GlobalSection(ExtensibilityGlobals) = postSolution
		SolutionGuid = {FB677C54-EECB-4817-B444-EE2F9DCD8626}
	EndGlobalSection
EndGlobal
