
Microsoft Visual Studio Solution File, Format Version 12.00
# Visual Studio 15
VisualStudioVersion = 15.0.27004.2009
MinimumVisualStudioVersion = 10.0.40219.1
Project("{FAE04EC0-301F-11D3-BF4B-00C04F79EFBC}") = "Exercise-15", "Exercise-15\Exercise-15.csproj", "{F7279A29-9D71-41BB-9A83-7D3110E36D86}"
EndProject
Global
	GlobalSection(SolutionConfigurationPlatforms) = preSolution
		Debug|Any CPU = Debug|Any CPU
		Release|Any CPU = Release|Any CPU
	EndGlobalSection
	GlobalSection(ProjectConfigurationPlatforms) = postSolution
		{F7279A29-9D71-41BB-9A83-7D3110E36D86}.Debug|Any CPU.ActiveCfg = Debug|Any CPU
		{F7279A29-9D71-41BB-9A83-7D3110E36D86}.Debug|Any CPU.Build.0 = Debug|Any CPU
		{F7279A29-9D71-41BB-9A83-7D3110E36D86}.Release|Any CPU.ActiveCfg = Release|Any CPU
		{F7279A29-9D71-41BB-9A83-7D3110E36D86}.Release|Any CPU.Build.0 = Release|Any CPU
	EndGlobalSection
	GlobalSection(SolutionProperties) = preSolution
		HideSolutionNode = FALSE
	EndGlobalSection
	GlobalSection(ExtensibilityGlobals) = postSolution
		SolutionGuid = {E2D4FA82-A1E6-48FA-8906-28746D0A2ABB}
	EndGlobalSection
EndGlobal
