
Microsoft Visual Studio Solution File, Format Version 12.00
# Visual Studio 15
VisualStudioVersion = 15.0.27004.2009
MinimumVisualStudioVersion = 10.0.40219.1
Project("{FAE04EC0-301F-11D3-BF4B-00C04F79EFBC}") = "Exercise27FizzBuzz", "Exercise27FizzBuzz\Exercise27FizzBuzz.csproj", "{35427042-EB9A-4581-AC75-CAFEFEB65544}"
EndProject
Global
	GlobalSection(SolutionConfigurationPlatforms) = preSolution
		Debug|Any CPU = Debug|Any CPU
		Release|Any CPU = Release|Any CPU
	EndGlobalSection
	GlobalSection(ProjectConfigurationPlatforms) = postSolution
		{35427042-EB9A-4581-AC75-CAFEFEB65544}.Debug|Any CPU.ActiveCfg = Debug|Any CPU
		{35427042-EB9A-4581-AC75-CAFEFEB65544}.Debug|Any CPU.Build.0 = Debug|Any CPU
		{35427042-EB9A-4581-AC75-CAFEFEB65544}.Release|Any CPU.ActiveCfg = Release|Any CPU
		{35427042-EB9A-4581-AC75-CAFEFEB65544}.Release|Any CPU.Build.0 = Release|Any CPU
	EndGlobalSection
	GlobalSection(SolutionProperties) = preSolution
		HideSolutionNode = FALSE
	EndGlobalSection
	GlobalSection(ExtensibilityGlobals) = postSolution
		SolutionGuid = {56DDC1F9-83B7-40EC-9252-5301B542C169}
	EndGlobalSection
EndGlobal
