
Microsoft Visual Studio Solution File, Format Version 12.00
# Visual Studio 15
VisualStudioVersion = 15.0.27004.2009
MinimumVisualStudioVersion = 10.0.40219.1
Project("{FAE04EC0-301F-11D3-BF4B-00C04F79EFBC}") = "Functions-04-Summing", "Functions-04-Summing\Functions-04-Summing.csproj", "{5121D689-E26C-44ED-A187-3414FFD3DF31}"
EndProject
Global
	GlobalSection(SolutionConfigurationPlatforms) = preSolution
		Debug|Any CPU = Debug|Any CPU
		Release|Any CPU = Release|Any CPU
	EndGlobalSection
	GlobalSection(ProjectConfigurationPlatforms) = postSolution
		{5121D689-E26C-44ED-A187-3414FFD3DF31}.Debug|Any CPU.ActiveCfg = Debug|Any CPU
		{5121D689-E26C-44ED-A187-3414FFD3DF31}.Debug|Any CPU.Build.0 = Debug|Any CPU
		{5121D689-E26C-44ED-A187-3414FFD3DF31}.Release|Any CPU.ActiveCfg = Release|Any CPU
		{5121D689-E26C-44ED-A187-3414FFD3DF31}.Release|Any CPU.Build.0 = Release|Any CPU
	EndGlobalSection
	GlobalSection(SolutionProperties) = preSolution
		HideSolutionNode = FALSE
	EndGlobalSection
	GlobalSection(ExtensibilityGlobals) = postSolution
		SolutionGuid = {D1C30853-17EE-426D-B6E0-6EA778A066DB}
	EndGlobalSection
EndGlobal
